
Microsoft Visual Studio Solution File, Format Version 12.00
# Visual Studio Version 16
VisualStudioVersion = 16.0.32407.337
MinimumVisualStudioVersion = 10.0.40219.1
Project("{8BC9CEB8-8B4A-11D0-8D11-00A0C91BC942}") = "6_21", "6_21.vcxproj", "{8DC97C66-3C26-4F3D-8F95-F39CA873ACCF}"
EndProject
Global
	GlobalSection(SolutionConfigurationPlatforms) = preSolution
		Debug|x64 = Debug|x64
		Debug|x86 = Debug|x86
		Release|x64 = Release|x64
		Release|x86 = Release|x86
	EndGlobalSection
	GlobalSection(ProjectConfigurationPlatforms) = postSolution
		{8DC97C66-3C26-4F3D-8F95-F39CA873ACCF}.Debug|x64.ActiveCfg = Debug|x64
		{8DC97C66-3C26-4F3D-8F95-F39CA873ACCF}.Debug|x64.Build.0 = Debug|x64
		{8DC97C66-3C26-4F3D-8F95-F39CA873ACCF}.Debug|x86.ActiveCfg = Debug|Win32
		{8DC97C66-3C26-4F3D-8F95-F39CA873ACCF}.Debug|x86.Build.0 = Debug|Win32
		{8DC97C66-3C26-4F3D-8F95-F39CA873ACCF}.Release|x64.ActiveCfg = Release|x64
		{8DC97C66-3C26-4F3D-8F95-F39CA873ACCF}.Release|x64.Build.0 = Release|x64
		{8DC97C66-3C26-4F3D-8F95-F39CA873ACCF}.Release|x86.ActiveCfg = Release|Win32
		{8DC97C66-3C26-4F3D-8F95-F39CA873ACCF}.Release|x86.Build.0 = Release|Win32
	EndGlobalSection
	GlobalSection(SolutionProperties) = preSolution
		HideSolutionNode = FALSE
	EndGlobalSection
	GlobalSection(ExtensibilityGlobals) = postSolution
		SolutionGuid = {62F66FBE-44F2-4DC4-848C-C1C0742C1019}
	EndGlobalSection
EndGlobal
