
Microsoft Visual Studio Solution File, Format Version 12.00
# Visual Studio Version 16
VisualStudioVersion = 16.0.32407.337
MinimumVisualStudioVersion = 10.0.40219.1
Project("{8BC9CEB8-8B4A-11D0-8D11-00A0C91BC942}") = "6—29", "6—29.vcxproj", "{71CB9E31-578F-41DF-9779-219FE52881EB}"
EndProject
Global
	GlobalSection(SolutionConfigurationPlatforms) = preSolution
		Debug|x64 = Debug|x64
		Debug|x86 = Debug|x86
		Release|x64 = Release|x64
		Release|x86 = Release|x86
	EndGlobalSection
	GlobalSection(ProjectConfigurationPlatforms) = postSolution
		{71CB9E31-578F-41DF-9779-219FE52881EB}.Debug|x64.ActiveCfg = Debug|x64
		{71CB9E31-578F-41DF-9779-219FE52881EB}.Debug|x64.Build.0 = Debug|x64
		{71CB9E31-578F-41DF-9779-219FE52881EB}.Debug|x86.ActiveCfg = Debug|Win32
		{71CB9E31-578F-41DF-9779-219FE52881EB}.Debug|x86.Build.0 = Debug|Win32
		{71CB9E31-578F-41DF-9779-219FE52881EB}.Release|x64.ActiveCfg = Release|x64
		{71CB9E31-578F-41DF-9779-219FE52881EB}.Release|x64.Build.0 = Release|x64
		{71CB9E31-578F-41DF-9779-219FE52881EB}.Release|x86.ActiveCfg = Release|Win32
		{71CB9E31-578F-41DF-9779-219FE52881EB}.Release|x86.Build.0 = Release|Win32
	EndGlobalSection
	GlobalSection(SolutionProperties) = preSolution
		HideSolutionNode = FALSE
	EndGlobalSection
	GlobalSection(ExtensibilityGlobals) = postSolution
		SolutionGuid = {8CC2EF74-38EC-4A9E-BA2D-AF1E0E3D46F3}
	EndGlobalSection
EndGlobal
