
Microsoft Visual Studio Solution File, Format Version 12.00
# Visual Studio Version 16
VisualStudioVersion = 16.0.32407.337
MinimumVisualStudioVersion = 10.0.40219.1
Project("{8BC9CEB8-8B4A-11D0-8D11-00A0C91BC942}") = "验证密码", "验证密码.vcxproj", "{83B606BB-7628-4633-9A12-10ACB50863AC}"
EndProject
Global
	GlobalSection(SolutionConfigurationPlatforms) = preSolution
		Debug|x64 = Debug|x64
		Debug|x86 = Debug|x86
		Release|x64 = Release|x64
		Release|x86 = Release|x86
	EndGlobalSection
	GlobalSection(ProjectConfigurationPlatforms) = postSolution
		{83B606BB-7628-4633-9A12-10ACB50863AC}.Debug|x64.ActiveCfg = Debug|x64
		{83B606BB-7628-4633-9A12-10ACB50863AC}.Debug|x64.Build.0 = Debug|x64
		{83B606BB-7628-4633-9A12-10ACB50863AC}.Debug|x86.ActiveCfg = Debug|Win32
		{83B606BB-7628-4633-9A12-10ACB50863AC}.Debug|x86.Build.0 = Debug|Win32
		{83B606BB-7628-4633-9A12-10ACB50863AC}.Release|x64.ActiveCfg = Release|x64
		{83B606BB-7628-4633-9A12-10ACB50863AC}.Release|x64.Build.0 = Release|x64
		{83B606BB-7628-4633-9A12-10ACB50863AC}.Release|x86.ActiveCfg = Release|Win32
		{83B606BB-7628-4633-9A12-10ACB50863AC}.Release|x86.Build.0 = Release|Win32
	EndGlobalSection
	GlobalSection(SolutionProperties) = preSolution
		HideSolutionNode = FALSE
	EndGlobalSection
	GlobalSection(ExtensibilityGlobals) = postSolution
		SolutionGuid = {3077902F-2010-4924-9CE9-7B85FC7AA960}
	EndGlobalSection
EndGlobal
