
Microsoft Visual Studio Solution File, Format Version 12.00
# Visual Studio Version 16
VisualStudioVersion = 16.0.32228.343
MinimumVisualStudioVersion = 10.0.40219.1
Project("{8BC9CEB8-8B4A-11D0-8D11-00A0C91BC942}") = "牛牛寄快递", "牛牛寄快递.vcxproj", "{AB363185-B486-4562-A36E-D2153003BC31}"
EndProject
Global
	GlobalSection(SolutionConfigurationPlatforms) = preSolution
		Debug|x64 = Debug|x64
		Debug|x86 = Debug|x86
		Release|x64 = Release|x64
		Release|x86 = Release|x86
	EndGlobalSection
	GlobalSection(ProjectConfigurationPlatforms) = postSolution
		{AB363185-B486-4562-A36E-D2153003BC31}.Debug|x64.ActiveCfg = Debug|x64
		{AB363185-B486-4562-A36E-D2153003BC31}.Debug|x64.Build.0 = Debug|x64
		{AB363185-B486-4562-A36E-D2153003BC31}.Debug|x86.ActiveCfg = Debug|Win32
		{AB363185-B486-4562-A36E-D2153003BC31}.Debug|x86.Build.0 = Debug|Win32
		{AB363185-B486-4562-A36E-D2153003BC31}.Release|x64.ActiveCfg = Release|x64
		{AB363185-B486-4562-A36E-D2153003BC31}.Release|x64.Build.0 = Release|x64
		{AB363185-B486-4562-A36E-D2153003BC31}.Release|x86.ActiveCfg = Release|Win32
		{AB363185-B486-4562-A36E-D2153003BC31}.Release|x86.Build.0 = Release|Win32
	EndGlobalSection
	GlobalSection(SolutionProperties) = preSolution
		HideSolutionNode = FALSE
	EndGlobalSection
	GlobalSection(ExtensibilityGlobals) = postSolution
		SolutionGuid = {69B6C08D-6B48-46D2-933E-2D7E57157781}
	EndGlobalSection
EndGlobal
